# This file is autogenerated, do not edit; changes may be undone by the next 'dep ensure'.


[[projects]]
  branch = "master"
  name = "github.com/armon/go-socks5"
  packages = ["."]
  revision = "e75332964ef517daa070d7c38a9466a0d687e0a5"

[[projects]]
  name = "github.com/kelseyhightower/envconfig"
  packages = ["."]
  revision = "f611eb38b3875cc3bd991ca91c51d06446afa14c"
  version = "v1.3.0"

[[projects]]
  branch = "master"
  name = "golang.org/x/net"
  packages = ["context"]
  revision = "500e7a4f953ddaf55d316b4d3adc516aa0379622"

[solve-meta]
  analyzer-name = "dep"
  analyzer-version = 1
  inputs-digest = "2956a93c8bd426b5d228d427ff10494dfb48aa576f10f85f11db7ecb1c2039cb"
  solver-name = "gps-cdcl"
  solver-version = 1
