# This file is autogenerated, do not edit; changes may be undone by the next 'dep ensure'.


[[projects]]
  branch = "master"
  name = "github.com/c-pro/go-socks5"
  packages = ["."]
  revision = "cb19d3d0e00b7495cedefae7afd4385033065b8e"

[[projects]]
  name = "github.com/kelseyhightower/envconfig"
  packages = ["."]
  revision = "f611eb38b3875cc3bd991ca91c51d06446afa14c"
  version = "v1.3.0"

[solve-meta]
  analyzer-name = "dep"
  analyzer-version = 1
  inputs-digest = "3ca3a8171f5facf453215e856c2a49b1a95582998c26691ef22d5d14dc9ca8de"
  solver-name = "gps-cdcl"
  solver-version = 1
